{
  "name": "tamircim.github.io",
  "lockfileVersion": 2,
  "requires": true,
  "packages": {
    "": {
      "dependencies": {
        "loaderjs": "^1.0.0"
      }
    },
    "node_modules/loaderjs": {
      "version": "1.0.0",
      "resolved": "https://registry.npmjs.org/loaderjs/-/loaderjs-1.0.0.tgz",
      "integrity": "sha512-b6RUNBSx7vzo+asl/y8xUAUee3MG2zvBPKaQUzqcjBCo7QAjnLTTyNKHJvyt2a71FOY94LtN3UaF8W/vwD/sYA=="
    }
  },
  "dependencies": {
    "loaderjs": {
      "version": "1.0.0",
      "resolved": "https://registry.npmjs.org/loaderjs/-/loaderjs-1.0.0.tgz",
      "integrity": "sha512-b6RUNBSx7vzo+asl/y8xUAUee3MG2zvBPKaQUzqcjBCo7QAjnLTTyNKHJvyt2a71FOY94LtN3UaF8W/vwD/sYA=="
    }
  }
}
